
Microsoft Visual Studio Solution File, Format Version 12.00
# Visual Studio Version 17
VisualStudioVersion = 17.3.32811.315
MinimumVisualStudioVersion = 10.0.40219.1
Project("{FAE04EC0-301F-11D3-BF4B-00C04F79EFBC}") = "TestXML", "TestXML.csproj", "{1D10ADAD-C61A-4AB0-8ECD-6704A6FC1510}"
EndProject
Global
	GlobalSection(SolutionConfigurationPlatforms) = preSolution
		Debug|Any CPU = Debug|Any CPU
		Release|Any CPU = Release|Any CPU
	EndGlobalSection
	GlobalSection(ProjectConfigurationPlatforms) = postSolution
		{1D10ADAD-C61A-4AB0-8ECD-6704A6FC1510}.Debug|Any CPU.ActiveCfg = Debug|Any CPU
		{1D10ADAD-C61A-4AB0-8ECD-6704A6FC1510}.Debug|Any CPU.Build.0 = Debug|Any CPU
		{1D10ADAD-C61A-4AB0-8ECD-6704A6FC1510}.Release|Any CPU.ActiveCfg = Release|Any CPU
		{1D10ADAD-C61A-4AB0-8ECD-6704A6FC1510}.Release|Any CPU.Build.0 = Release|Any CPU
	EndGlobalSection
	GlobalSection(SolutionProperties) = preSolution
		HideSolutionNode = FALSE
	EndGlobalSection
	GlobalSection(ExtensibilityGlobals) = postSolution
		SolutionGuid = {E11ACA0D-D800-4EDD-B8E3-C5EF550FDFBD}
	EndGlobalSection
EndGlobal
